
Microsoft Visual Studio Solution File, Format Version 12.00
# Visual Studio Version 17
VisualStudioVersion = 17.0.31912.275
MinimumVisualStudioVersion = 10.0.40219.1
Project("{8BC9CEB8-8B4A-11D0-8D11-00A0C91BC942}") = "JuniaHeaderLib", "JuniaHeaderLib\JuniaHeaderLib.vcxproj", "{B45FB760-02DF-4E54-B1A7-0E6A0D858ABE}"
EndProject
Global
	GlobalSection(SolutionConfigurationPlatforms) = preSolution
		Debug|x64 = Debug|x64
		Debug|x86 = Debug|x86
		Release|x64 = Release|x64
		Release|x86 = Release|x86
	EndGlobalSection
	GlobalSection(ProjectConfigurationPlatforms) = postSolution
		{B45FB760-02DF-4E54-B1A7-0E6A0D858ABE}.Debug|x64.ActiveCfg = Debug|x64
		{B45FB760-02DF-4E54-B1A7-0E6A0D858ABE}.Debug|x64.Build.0 = Debug|x64
		{B45FB760-02DF-4E54-B1A7-0E6A0D858ABE}.Debug|x86.ActiveCfg = Debug|Win32
		{B45FB760-02DF-4E54-B1A7-0E6A0D858ABE}.Debug|x86.Build.0 = Debug|Win32
		{B45FB760-02DF-4E54-B1A7-0E6A0D858ABE}.Release|x64.ActiveCfg = Release|x64
		{B45FB760-02DF-4E54-B1A7-0E6A0D858ABE}.Release|x64.Build.0 = Release|x64
		{B45FB760-02DF-4E54-B1A7-0E6A0D858ABE}.Release|x86.ActiveCfg = Release|Win32
		{B45FB760-02DF-4E54-B1A7-0E6A0D858ABE}.Release|x86.Build.0 = Release|Win32
	EndGlobalSection
	GlobalSection(SolutionProperties) = preSolution
		HideSolutionNode = FALSE
	EndGlobalSection
	GlobalSection(ExtensibilityGlobals) = postSolution
		SolutionGuid = {4B610793-E8C4-42C9-B2F9-3F6A84C1C169}
	EndGlobalSection
EndGlobal
